// !$*UTF8*$!
{
	archiveVersion = 1;
	classes = {
	};
	objectVersion = 46;
	objects = {

/* Begin PBXBuildFile section */
		37D65EF71D49FB120009E5D7 /* Person.m in Sources */ = {isa = PBXBuildFile; fileRef = 37D65EF61D49FB120009E5D7 /* Person.m */; };
		8FAF0C1F1D49F9A00082988F /* main.m in Sources */ = {isa = PBXBuildFile; fileRef = 8FAF0C1E1D49F9A00082988F /* main.m */; };
		8FAF0C221D49F9A00082988F /* AppDelegate.m in Sources */ = {isa = PBXBuildFile; fileRef = 8FAF0C211D49F9A00082988F /* AppDelegate.m */; };
		8FAF0C251D49F9A00082988F /* ViewController.m in Sources */ = {isa = PBXBuildFile; fileRef = 8FAF0C241D49F9A00082988F /* ViewController.m */; };
		8FAF0C281D49F9A00082988F /* Main.storyboard in Resources */ = {isa = PBXBuildFile; fileRef = 8FAF0C261D49F9A00082988F /* Main.storyboard */; };
		8FAF0C2A1D49F9A00082988F /* Assets.xcassets in Resources */ = {isa = PBXBuildFile; fileRef = 8FAF0C291D49F9A00082988F /* Assets.xcassets */; };
		8FAF0C2D1D49F9A00082988F /* LaunchScreen.storyboard in Resources */ = {isa = PBXBuildFile; fileRef = 8FAF0C2B1D49F9A00082988F /* LaunchScreen.storyboard */; };
		8FAF0C381D49F9A10082988F /* GITGITTests.m in Sources */ = {isa = PBXBuildFile; fileRef = 8FAF0C371D49F9A10082988F /* GITGITTests.m */; };
		8FAF0C441D49FCBC0082988F /* Student.m in Sources */ = {isa = PBXBuildFile; fileRef = 8FAF0C431D49FCBC0082988F /* Student.m */; };
/* End PBXBuildFile section */

/* Begin PBXContainerItemProxy section */
		8FAF0C341D49F9A10082988F /* PBXContainerItemProxy */ = {
			isa = PBXContainerItemProxy;
			containerPortal = 8FAF0C121D49F9A00082988F /* Project object */;
			proxyType = 1;
			remoteGlobalIDString = 8FAF0C191D49F9A00082988F;
			remoteInfo = GITGIT;
		};
/* End PBXContainerItemProxy section */

/* Begin PBXFileReference section */
		37D65EF51D49FB120009E5D7 /* Person.h */ = {isa = PBXFileReference; fileEncoding = 4; lastKnownFileType = sourcecode.c.h; path = Person.h; sourceTree = "<group>"; };
		37D65EF61D49FB120009E5D7 /* Person.m */ = {isa = PBXFileReference; fileEncoding = 4; lastKnownFileType = sourcecode.c.objc; path = Person.m; sourceTree = "<group>"; };
		8FAF0C1A1D49F9A00082988F /* GITGIT.app */ = {isa = PBXFileReference; explicitFileType = wrapper.application; includeInIndex = 0; path = GITGIT.app; sourceTree = BUILT_PRODUCTS_DIR; };
		8FAF0C1E1D49F9A00082988F /* main.m */ = {isa = PBXFileReference; lastKnownFileType = sourcecode.c.objc; path = main.m; sourceTree = "<group>"; };
		8FAF0C201D49F9A00082988F /* AppDelegate.h */ = {isa = PBXFileReference; lastKnownFileType = sourcecode.c.h; path = AppDelegate.h; sourceTree = "<group>"; };
		8FAF0C211D49F9A00082988F /* AppDelegate.m */ = {isa = PBXFileReference; lastKnownFileType = sourcecode.c.objc; path = AppDelegate.m; sourceTree = "<group>"; };
		8FAF0C231D49F9A00082988F /* ViewController.h */ = {isa = PBXFileReference; lastKnownFileType = sourcecode.c.h; path = ViewController.h; sourceTree = "<group>"; };
		8FAF0C241D49F9A00082988F /* ViewController.m */ = {isa = PBXFileReference; lastKnownFileType = sourcecode.c.objc; path = ViewController.m; sourceTree = "<group>"; };
		8FAF0C271D49F9A00082988F /* Base */ = {isa = PBXFileReference; lastKnownFileType = file.storyboard; name = Base; path = Base.lproj/Main.storyboard; sourceTree = "<group>"; };
		8FAF0C291D49F9A00082988F /* Assets.xcassets */ = {isa = PBXFileReference; lastKnownFileType = folder.assetcatalog; path = Assets.xcassets; sourceTree = "<group>"; };
		8FAF0C2C1D49F9A00082988F /* Base */ = {isa = PBXFileReference; lastKnownFileType = file.storyboard; name = Base; path = Base.lproj/LaunchScreen.storyboard; sourceTree = "<group>"; };
		8FAF0C2E1D49F9A00082988F /* Info.plist */ = {isa = PBXFileReference; lastKnownFileType = text.plist.xml; path = Info.plist; sourceTree = "<group>"; };
		8FAF0C331D49F9A10082988F /* GITGITTests.xctest */ = {isa = PBXFileReference; explicitFileType = wrapper.cfbundle; includeInIndex = 0; path = GITGITTests.xctest; sourceTree = BUILT_PRODUCTS_DIR; };
		8FAF0C371D49F9A10082988F /* GITGITTests.m */ = {isa = PBXFileReference; lastKnownFileType = sourcecode.c.objc; path = GITGITTests.m; sourceTree = "<group>"; };
		8FAF0C391D49F9A10082988F /* Info.plist */ = {isa = PBXFileReference; lastKnownFileType = text.plist.xml; path = Info.plist; sourceTree = "<group>"; };
		8FAF0C421D49FCBC0082988F /* Student.h */ = {isa = PBXFileReference; fileEncoding = 4; lastKnownFileType = sourcecode.c.h; path = Student.h; sourceTree = "<group>"; };
		8FAF0C431D49FCBC0082988F /* Student.m */ = {isa = PBXFileReference; fileEncoding = 4; lastKnownFileType = sourcecode.c.objc; path = Student.m; sourceTree = "<group>"; };
/* End PBXFileReference section */

/* Begin PBXFrameworksBuildPhase section */
		8FAF0C171D49F9A00082988F /* Frameworks */ = {
			isa = PBXFrameworksBuildPhase;
			buildActionMask = 2147483647;
			files = (
			);
			runOnlyForDeploymentPostprocessing = 0;
		};
		8FAF0C301D49F9A10082988F /* Frameworks */ = {
			isa = PBXFrameworksBuildPhase;
			buildActionMask = 2147483647;
			files = (
			);
			runOnlyForDeploymentPostprocessing = 0;
		};
/* End PBXFrameworksBuildPhase section */

/* Begin PBXGroup section */
		8FAF0C111D49F9A00082988F = {
			isa = PBXGroup;
			children = (
				8FAF0C1C1D49F9A00082988F /* GITGIT */,
				8FAF0C361D49F9A10082988F /* GITGITTests */,
				8FAF0C1B1D49F9A00082988F /* Products */,
			);
			sourceTree = "<group>";
		};
		8FAF0C1B1D49F9A00082988F /* Products */ = {
			isa = PBXGroup;
			children = (
				8FAF0C1A1D49F9A00082988F /* GITGIT.app */,
				8FAF0C331D49F9A10082988F /* GITGITTests.xctest */,
			);
			name = Products;
			sourceTree = "<group>";
		};
		8FAF0C1C1D49F9A00082988F /* GITGIT */ = {
			isa = PBXGroup;
			children = (
				8FAF0C201D49F9A00082988F /* AppDelegate.h */,
				8FAF0C211D49F9A00082988F /* AppDelegate.m */,
				8FAF0C231D49F9A00082988F /* ViewController.h */,
				8FAF0C241D49F9A00082988F /* ViewController.m */,
				8FAF0C261D49F9A00082988F /* Main.storyboard */,
				8FAF0C291D49F9A00082988F /* Assets.xcassets */,
				8FAF0C2B1D49F9A00082988F /* LaunchScreen.storyboard */,
				8FAF0C2E1D49F9A00082988F /* Info.plist */,
				8FAF0C1D1D49F9A00082988F /* Supporting Files */,
				37D65EF51D49FB120009E5D7 /* Person.h */,
				8FAF0C421D49FCBC0082988F /* Student.h */,
				8FAF0C431D49FCBC0082988F /* Student.m */,
				37D65EF61D49FB120009E5D7 /* Person.m */,
			);
			path = GITGIT;
			sourceTree = "<group>";
		};
		8FAF0C1D1D49F9A00082988F /* Supporting Files */ = {
			isa = PBXGroup;
			children = (
				8FAF0C1E1D49F9A00082988F /* main.m */,
			);
			name = "Supporting Files";
			sourceTree = "<group>";
		};
		8FAF0C361D49F9A10082988F /* GITGITTests */ = {
			isa = PBXGroup;
			children = (
				8FAF0C371D49F9A10082988F /* GITGITTests.m */,
				8FAF0C391D49F9A10082988F /* Info.plist */,
			);
			path = GITGITTests;
			sourceTree = "<group>";
		};
/* End PBXGroup section */

/* Begin PBXNativeTarget section */
		8FAF0C191D49F9A00082988F /* GITGIT */ = {
			isa = PBXNativeTarget;
			buildConfigurationList = 8FAF0C3C1D49F9A10082988F /* Build configuration list for PBXNativeTarget "GITGIT" */;
			buildPhases = (
				8FAF0C161D49F9A00082988F /* Sources */,
				8FAF0C171D49F9A00082988F /* Frameworks */,
				8FAF0C181D49F9A00082988F /* Resources */,
			);
			buildRules = (
			);
			dependencies = (
			);
			name = GITGIT;
			productName = GITGIT;
			productReference = 8FAF0C1A1D49F9A00082988F /* GITGIT.app */;
			productType = "com.apple.product-type.application";
		};
		8FAF0C321D49F9A10082988F /* GITGITTests */ = {
			isa = PBXNativeTarget;
			buildConfigurationList = 8FAF0C3F1D49F9A10082988F /* Build configuration list for PBXNativeTarget "GITGITTests" */;
			buildPhases = (
				8FAF0C2F1D49F9A10082988F /* Sources */,
				8FAF0C301D49F9A10082988F /* Frameworks */,
				8FAF0C311D49F9A10082988F /* Resources */,
			);
			buildRules = (
			);
			dependencies = (
				8FAF0C351D49F9A10082988F /* PBXTargetDependency */,
			);
			name = GITGITTests;
			productName = GITGITTests;
			productReference = 8FAF0C331D49F9A10082988F /* GITGITTests.xctest */;
			productType = "com.apple.product-type.bundle.unit-test";
		};
/* End PBXNativeTarget section */

/* Begin PBXProject section */
		8FAF0C121D49F9A00082988F /* Project object */ = {
			isa = PBXProject;
			attributes = {
				LastUpgradeCheck = 0720;
				ORGANIZATIONNAME = lanoukeji;
				TargetAttributes = {
					8FAF0C191D49F9A00082988F = {
						CreatedOnToolsVersion = 7.2.1;
					};
					8FAF0C321D49F9A10082988F = {
						CreatedOnToolsVersion = 7.2.1;
						TestTargetID = 8FAF0C191D49F9A00082988F;
					};
				};
			};
			buildConfigurationList = 8FAF0C151D49F9A00082988F /* Build configuration list for PBXProject "GITGIT" */;
			compatibilityVersion = "Xcode 3.2";
			developmentRegion = English;
			hasScannedForEncodings = 0;
			knownRegions = (
				en,
				Base,
			);
			mainGroup = 8FAF0C111D49F9A00082988F;
			productRefGroup = 8FAF0C1B1D49F9A00082988F /* Products */;
			projectDirPath = "";
			projectRoot = "";
			targets = (
				8FAF0C191D49F9A00082988F /* GITGIT */,
				8FAF0C321D49F9A10082988F /* GITGITTests */,
			);
		};
/* End PBXProject section */

/* Begin PBXResourcesBuildPhase section */
		8FAF0C181D49F9A00082988F /* Resources */ = {
			isa = PBXResourcesBuildPhase;
			buildActionMask = 2147483647;
			files = (
				8FAF0C2D1D49F9A00082988F /* LaunchScreen.storyboard in Resources */,
				8FAF0C2A1D49F9A00082988F /* Assets.xcassets in Resources */,
				8FAF0C281D49F9A00082988F /* Main.storyboard in Resources */,
			);
			runOnlyForDeploymentPostprocessing = 0;
		};
		8FAF0C311D49F9A10082988F /* Resources */ = {
			isa = PBXResourcesBuildPhase;
			buildActionMask = 2147483647;
			files = (
			);
			runOnlyForDeploymentPostprocessing = 0;
		};
/* End PBXResourcesBuildPhase section */

/* Begin PBXSourcesBuildPhase section */
		8FAF0C161D49F9A00082988F /* Sources */ = {
			isa = PBXSourcesBuildPhase;
			buildActionMask = 2147483647;
			files = (
				8FAF0C251D49F9A00082988F /* ViewController.m in Sources */,
				8FAF0C221D49F9A00082988F /* AppDelegate.m in Sources */,
				8FAF0C441D49FCBC0082988F /* Student.m in Sources */,
				37D65EF71D49FB120009E5D7 /* Person.m in Sources */,
				8FAF0C1F1D49F9A00082988F /* main.m in Sources */,
			);
			runOnlyForDeploymentPostprocessing = 0;
		};
		8FAF0C2F1D49F9A10082988F /* Sources */ = {
			isa = PBXSourcesBuildPhase;
			buildActionMask = 2147483647;
			files = (
				8FAF0C381D49F9A10082988F /* GITGITTests.m in Sources */,
			);
			runOnlyForDeploymentPostprocessing = 0;
		};
/* End PBXSourcesBuildPhase section */

/* Begin PBXTargetDependency section */
		8FAF0C351D49F9A10082988F /* PBXTargetDependency */ = {
			isa = PBXTargetDependency;
			target = 8FAF0C191D49F9A00082988F /* GITGIT */;
			targetProxy = 8FAF0C341D49F9A10082988F /* PBXContainerItemProxy */;
		};
/* End PBXTargetDependency section */

/* Begin PBXVariantGroup section */
		8FAF0C261D49F9A00082988F /* Main.storyboard */ = {
			isa = PBXVariantGroup;
			children = (
				8FAF0C271D49F9A00082988F /* Base */,
			);
			name = Main.storyboard;
			sourceTree = "<group>";
		};
		8FAF0C2B1D49F9A00082988F /* LaunchScreen.storyboard */ = {
			isa = PBXVariantGroup;
			children = (
				8FAF0C2C1D49F9A00082988F /* Base */,
			);
			name = LaunchScreen.storyboard;
			sourceTree = "<group>";
		};
/* End PBXVariantGroup section */

/* Begin XCBuildConfiguration section */
		8FAF0C3A1D49F9A10082988F /* Debug */ = {
			isa = XCBuildConfiguration;
			buildSettings = {
				ALWAYS_SEARCH_USER_PATHS = NO;
				CLANG_CXX_LANGUAGE_STANDARD = "gnu++0x";
				CLANG_CXX_LIBRARY = "libc++";
				CLANG_ENABLE_MODULES = YES;
				CLANG_ENABLE_OBJC_ARC = YES;
				CLANG_WARN_BOOL_CONVERSION = YES;
				CLANG_WARN_CONSTANT_CONVERSION = YES;
				CLANG_WARN_DIRECT_OBJC_ISA_USAGE = YES_ERROR;
				CLANG_WARN_EMPTY_BODY = YES;
				CLANG_WARN_ENUM_CONVERSION = YES;
				CLANG_WARN_INT_CONVERSION = YES;
				CLANG_WARN_OBJC_ROOT_CLASS = YES_ERROR;
				CLANG_WARN_UNREACHABLE_CODE = YES;
				CLANG_WARN__DUPLICATE_METHOD_MATCH = YES;
				"CODE_SIGN_IDENTITY[sdk=iphoneos*]" = "iPhone Developer";
				COPY_PHASE_STRIP = NO;
				DEBUG_INFORMATION_FORMAT = dwarf;
				ENABLE_STRICT_OBJC_MSGSEND = YES;
				ENABLE_TESTABILITY = YES;
				GCC_C_LANGUAGE_STANDARD = gnu99;
				GCC_DYNAMIC_NO_PIC = NO;
				GCC_NO_COMMON_BLOCKS = YES;
				GCC_OPTIMIZATION_LEVEL = 0;
				GCC_PREPROCESSOR_DEFINITIONS = (
					"DEBUG=1",
					"$(inherited)",
				);
				GCC_WARN_64_TO_32_BIT_CONVERSION = YES;
				GCC_WARN_ABOUT_RETURN_TYPE = YES_ERROR;
				GCC_WARN_UNDECLARED_SELECTOR = YES;
				GCC_WARN_UNINITIALIZED_AUTOS = YES_AGGRESSIVE;
				GCC_WARN_UNUSED_FUNCTION = YES;
				GCC_WARN_UNUSED_VARIABLE = YES;
				IPHONEOS_DEPLOYMENT_TARGET = 9.2;
				MTL_ENABLE_DEBUG_INFO = YES;
				ONLY_ACTIVE_ARCH = YES;
				SDKROOT = iphoneos;
				TARGETED_DEVICE_FAMILY = "1,2";
			};
			name = Debug;
		};
		8FAF0C3B1D49F9A10082988F /* Release */ = {
			isa = XCBuildConfiguration;
			buildSettings = {
				ALWAYS_SEARCH_USER_PATHS = NO;
				CLANG_CXX_LANGUAGE_STANDARD = "gnu++0x";
				CLANG_CXX_LIBRARY = "libc++";
				CLANG_ENABLE_MODULES = YES;
				CLANG_ENABLE_OBJC_ARC = YES;
				CLANG_WARN_BOOL_CONVERSION = YES;
				CLANG_WARN_CONSTANT_CONVERSION = YES;
				CLANG_WARN_DIRECT_OBJC_ISA_USAGE = YES_ERROR;
				CLANG_WARN_EMPTY_BODY = YES;
				CLANG_WARN_ENUM_CONVERSION = YES;
				CLANG_WARN_INT_CONVERSION = YES;
				CLANG_WARN_OBJC_ROOT_CLASS = YES_ERROR;
				CLANG_WARN_UNREACHABLE_CODE = YES;
				CLANG_WARN__DUPLICATE_METHOD_MATCH = YES;
				"CODE_SIGN_IDENTITY[sdk=iphoneos*]" = "iPhone Developer";
				COPY_PHASE_STRIP = NO;
				DEBUG_INFORMATION_FORMAT = "dwarf-with-dsym";
				ENABLE_NS_ASSERTIONS = NO;
				ENABLE_STRICT_OBJC_MSGSEND = YES;
				GCC_C_LANGUAGE_STANDARD = gnu99;
				GCC_NO_COMMON_BLOCKS = YES;
				GCC_WARN_64_TO_32_BIT_CONVERSION = YES;
				GCC_WARN_ABOUT_RETURN_TYPE = YES_ERROR;
				GCC_WARN_UNDECLARED_SELECTOR = YES;
				GCC_WARN_UNINITIALIZED_AUTOS = YES_AGGRESSIVE;
				GCC_WARN_UNUSED_FUNCTION = YES;
				GCC_WARN_UNUSED_VARIABLE = YES;
				IPHONEOS_DEPLOYMENT_TARGET = 9.2;
				MTL_ENABLE_DEBUG_INFO = NO;
				SDKROOT = iphoneos;
				TARGETED_DEVICE_FAMILY = "1,2";
				VALIDATE_PRODUCT = YES;
			};
			name = Release;
		};
		8FAF0C3D1D49F9A10082988F /* Debug */ = {
			isa = XCBuildConfiguration;
			buildSettings = {
				ASSETCATALOG_COMPILER_APPICON_NAME = AppIcon;
				INFOPLIST_FILE = GITGIT/Info.plist;
				LD_RUNPATH_SEARCH_PATHS = "$(inherited) @executable_path/Frameworks";
				PRODUCT_BUNDLE_IDENTIFIER = com.lanoukeji.GITGIT;
				PRODUCT_NAME = "$(TARGET_NAME)";
			};
			name = Debug;
		};
		8FAF0C3E1D49F9A10082988F /* Release */ = {
			isa = XCBuildConfiguration;
			buildSettings = {
				ASSETCATALOG_COMPILER_APPICON_NAME = AppIcon;
				INFOPLIST_FILE = GITGIT/Info.plist;
				LD_RUNPATH_SEARCH_PATHS = "$(inherited) @executable_path/Frameworks";
				PRODUCT_BUNDLE_IDENTIFIER = com.lanoukeji.GITGIT;
				PRODUCT_NAME = "$(TARGET_NAME)";
			};
			name = Release;
		};
		8FAF0C401D49F9A10082988F /* Debug */ = {
			isa = XCBuildConfiguration;
			buildSettings = {
				BUNDLE_LOADER = "$(TEST_HOST)";
				INFOPLIST_FILE = GITGITTests/Info.plist;
				LD_RUNPATH_SEARCH_PATHS = "$(inherited) @executable_path/Frameworks @loader_path/Frameworks";
				PRODUCT_BUNDLE_IDENTIFIER = com.lanoukeji.GITGITTests;
				PRODUCT_NAME = "$(TARGET_NAME)";
				TEST_HOST = "$(BUILT_PRODUCTS_DIR)/GITGIT.app/GITGIT";
			};
			name = Debug;
		};
		8FAF0C411D49F9A10082988F /* Release */ = {
			isa = XCBuildConfiguration;
			buildSettings = {
				BUNDLE_LOADER = "$(TEST_HOST)";
				INFOPLIST_FILE = GITGITTests/Info.plist;
				LD_RUNPATH_SEARCH_PATHS = "$(inherited) @executable_path/Frameworks @loader_path/Frameworks";
				PRODUCT_BUNDLE_IDENTIFIER = com.lanoukeji.GITGITTests;
				PRODUCT_NAME = "$(TARGET_NAME)";
				TEST_HOST = "$(BUILT_PRODUCTS_DIR)/GITGIT.app/GITGIT";
			};
			name = Release;
		};
/* End XCBuildConfiguration section */

/* Begin XCConfigurationList section */
		8FAF0C151D49F9A00082988F /* Build configuration list for PBXProject "GITGIT" */ = {
			isa = XCConfigurationList;
			buildConfigurations = (
				8FAF0C3A1D49F9A10082988F /* Debug */,
				8FAF0C3B1D49F9A10082988F /* Release */,
			);
			defaultConfigurationIsVisible = 0;
			defaultConfigurationName = Release;
		};
		8FAF0C3C1D49F9A10082988F /* Build configuration list for PBXNativeTarget "GITGIT" */ = {
			isa = XCConfigurationList;
			buildConfigurations = (
				8FAF0C3D1D49F9A10082988F /* Debug */,
				8FAF0C3E1D49F9A10082988F /* Release */,
			);
			defaultConfigurationIsVisible = 0;
			defaultConfigurationName = Release;
		};
		8FAF0C3F1D49F9A10082988F /* Build configuration list for PBXNativeTarget "GITGITTests" */ = {
			isa = XCConfigurationList;
			buildConfigurations = (
				8FAF0C401D49F9A10082988F /* Debug */,
				8FAF0C411D49F9A10082988F /* Release */,
			);
			defaultConfigurationIsVisible = 0;
			defaultConfigurationName = Release;
		};
/* End XCConfigurationList section */
	};
	rootObject = 8FAF0C121D49F9A00082988F /* Project object */;
}
